// !$*UTF8*$!
{
	archiveVersion = 1;
	classes = {
	};
	objectVersion = 52;
	objects = {

/* Begin PBXBuildFile section */
		97864E6F26B0F15D00ABB9B3 /* OHHTTPStubs in Frameworks */ = {isa = PBXBuildFile; productRef = 97864E6E26B0F15D00ABB9B3 /* OHHTTPStubs */; };
		97864E7126B0F15D00ABB9B3 /* OHHTTPStubsSwift in Frameworks */ = {isa = PBXBuildFile; productRef = 97864E7026B0F15D00ABB9B3 /* OHHTTPStubsSwift */; };
		97974BBD26AEF71200F72ADF /* AppDelegate.swift in Sources */ = {isa = PBXBuildFile; fileRef = 97974BBC26AEF71200F72ADF /* AppDelegate.swift */; };
		97974BBF26AEF71200F72ADF /* SceneDelegate.swift in Sources */ = {isa = PBXBuildFile; fileRef = 97974BBE26AEF71200F72ADF /* SceneDelegate.swift */; };
		97974BC626AEF71600F72ADF /* Assets.xcassets in Resources */ = {isa = PBXBuildFile; fileRef = 97974BC526AEF71600F72ADF /* Assets.xcassets */; };
		97974BC926AEF71600F72ADF /* LaunchScreen.storyboard in Resources */ = {isa = PBXBuildFile; fileRef = 97974BC726AEF71600F72ADF /* LaunchScreen.storyboard */; };
		97974BD426AEF71700F72ADF /* github_swift_issuesTests.swift in Sources */ = {isa = PBXBuildFile; fileRef = 97974BD326AEF71700F72ADF /* github_swift_issuesTests.swift */; };
		97974BDF26AEF71700F72ADF /* github_swift_issuesUITests.swift in Sources */ = {isa = PBXBuildFile; fileRef = 97974BDE26AEF71700F72ADF /* github_swift_issuesUITests.swift */; };
		97974BF426AEF88400F72ADF /* HomeViewController.swift in Sources */ = {isa = PBXBuildFile; fileRef = 97974BF326AEF88400F72ADF /* HomeViewController.swift */; };
		97974BF726AEFAF300F72ADF /* Moya in Frameworks */ = {isa = PBXBuildFile; productRef = 97974BF626AEFAF300F72ADF /* Moya */; };
		97974BFA26AEFED900F72ADF /* SnapKit in Frameworks */ = {isa = PBXBuildFile; productRef = 97974BF926AEFED900F72ADF /* SnapKit */; };
		97974BFE26AF079500F72ADF /* Enums.swift in Sources */ = {isa = PBXBuildFile; fileRef = 97974BFD26AF079500F72ADF /* Enums.swift */; };
		97974C0026AF07CD00F72ADF /* IssueResponseModel.swift in Sources */ = {isa = PBXBuildFile; fileRef = 97974BFF26AF07CD00F72ADF /* IssueResponseModel.swift */; };
		97974C0226AF483800F72ADF /* HomeView.swift in Sources */ = {isa = PBXBuildFile; fileRef = 97974C0126AF483800F72ADF /* HomeView.swift */; };
		97974C0526AF561100F72ADF /* HomeTarget.swift in Sources */ = {isa = PBXBuildFile; fileRef = 97974C0426AF561100F72ADF /* HomeTarget.swift */; };
		97974C0826AF5AFB00F72ADF /* HomeAPI.swift in Sources */ = {isa = PBXBuildFile; fileRef = 97974C0726AF5AFB00F72ADF /* HomeAPI.swift */; };
		97974C0A26AF5E2400F72ADF /* HomeViewModel.swift in Sources */ = {isa = PBXBuildFile; fileRef = 97974C0926AF5E2400F72ADF /* HomeViewModel.swift */; };
		97974C0D26AF763700F72ADF /* GSI+UIViewController.swift in Sources */ = {isa = PBXBuildFile; fileRef = 97974C0C26AF763700F72ADF /* GSI+UIViewController.swift */; };
		97974C1026AF847300F72ADF /* IssueDetailsView.swift in Sources */ = {isa = PBXBuildFile; fileRef = 97974C0F26AF847300F72ADF /* IssueDetailsView.swift */; };
		97974C1226AF848A00F72ADF /* IssueDetailsViewController.swift in Sources */ = {isa = PBXBuildFile; fileRef = 97974C1126AF848A00F72ADF /* IssueDetailsViewController.swift */; };
		97974C1526AF948100F72ADF /* Nuke in Frameworks */ = {isa = PBXBuildFile; productRef = 97974C1426AF948100F72ADF /* Nuke */; };
		97974C1726AF999E00F72ADF /* GSI+UITableView.swift in Sources */ = {isa = PBXBuildFile; fileRef = 97974C1626AF999E00F72ADF /* GSI+UITableView.swift */; };
		97974C1A26AFA48200F72ADF /* GSI+String.swift in Sources */ = {isa = PBXBuildFile; fileRef = 97974C1926AFA48200F72ADF /* GSI+String.swift */; };
		97974C1D26AFA83300F72ADF /* SwiftSpinner in Frameworks */ = {isa = PBXBuildFile; productRef = 97974C1C26AFA83300F72ADF /* SwiftSpinner */; };
		97974C2026AFB7BF00F72ADF /* DateFormatterTest.swift in Sources */ = {isa = PBXBuildFile; fileRef = 97974C1F26AFB7BF00F72ADF /* DateFormatterTest.swift */; };
		97974C2426AFC14400F72ADF /* HomeViewModelTest.swift in Sources */ = {isa = PBXBuildFile; fileRef = 97974C2326AFC14400F72ADF /* HomeViewModelTest.swift */; };
/* End PBXBuildFile section */

/* Begin PBXContainerItemProxy section */
		97974BD026AEF71600F72ADF /* PBXContainerItemProxy */ = {
			isa = PBXContainerItemProxy;
			containerPortal = 97974BB126AEF71200F72ADF /* Project object */;
			proxyType = 1;
			remoteGlobalIDString = 97974BB826AEF71200F72ADF;
			remoteInfo = "github-swift-issues";
		};
		97974BDB26AEF71700F72ADF /* PBXContainerItemProxy */ = {
			isa = PBXContainerItemProxy;
			containerPortal = 97974BB126AEF71200F72ADF /* Project object */;
			proxyType = 1;
			remoteGlobalIDString = 97974BB826AEF71200F72ADF;
			remoteInfo = "github-swift-issues";
		};
/* End PBXContainerItemProxy section */

/* Begin PBXFileReference section */
		97974BB926AEF71200F72ADF /* github-swift-issues.app */ = {isa = PBXFileReference; explicitFileType = wrapper.application; includeInIndex = 0; path = "github-swift-issues.app"; sourceTree = BUILT_PRODUCTS_DIR; };
		97974BBC26AEF71200F72ADF /* AppDelegate.swift */ = {isa = PBXFileReference; lastKnownFileType = sourcecode.swift; path = AppDelegate.swift; sourceTree = "<group>"; };
		97974BBE26AEF71200F72ADF /* SceneDelegate.swift */ = {isa = PBXFileReference; lastKnownFileType = sourcecode.swift; path = SceneDelegate.swift; sourceTree = "<group>"; };
		97974BC526AEF71600F72ADF /* Assets.xcassets */ = {isa = PBXFileReference; lastKnownFileType = folder.assetcatalog; path = Assets.xcassets; sourceTree = "<group>"; };
		97974BC826AEF71600F72ADF /* Base */ = {isa = PBXFileReference; lastKnownFileType = file.storyboard; name = Base; path = Base.lproj/LaunchScreen.storyboard; sourceTree = "<group>"; };
		97974BCA26AEF71600F72ADF /* Info.plist */ = {isa = PBXFileReference; lastKnownFileType = text.plist.xml; path = Info.plist; sourceTree = "<group>"; };
		97974BCF26AEF71600F72ADF /* github-swift-issuesTests.xctest */ = {isa = PBXFileReference; explicitFileType = wrapper.cfbundle; includeInIndex = 0; path = "github-swift-issuesTests.xctest"; sourceTree = BUILT_PRODUCTS_DIR; };
		97974BD326AEF71700F72ADF /* github_swift_issuesTests.swift */ = {isa = PBXFileReference; lastKnownFileType = sourcecode.swift; path = github_swift_issuesTests.swift; sourceTree = "<group>"; };
		97974BD526AEF71700F72ADF /* Info.plist */ = {isa = PBXFileReference; lastKnownFileType = text.plist.xml; path = Info.plist; sourceTree = "<group>"; };
		97974BDA26AEF71700F72ADF /* github-swift-issuesUITests.xctest */ = {isa = PBXFileReference; explicitFileType = wrapper.cfbundle; includeInIndex = 0; path = "github-swift-issuesUITests.xctest"; sourceTree = BUILT_PRODUCTS_DIR; };
		97974BDE26AEF71700F72ADF /* github_swift_issuesUITests.swift */ = {isa = PBXFileReference; lastKnownFileType = sourcecode.swift; path = github_swift_issuesUITests.swift; sourceTree = "<group>"; };
		97974BE026AEF71700F72ADF /* Info.plist */ = {isa = PBXFileReference; lastKnownFileType = text.plist.xml; path = Info.plist; sourceTree = "<group>"; };
		97974BF326AEF88400F72ADF /* HomeViewController.swift */ = {isa = PBXFileReference; lastKnownFileType = sourcecode.swift; path = HomeViewController.swift; sourceTree = "<group>"; };
		97974BFD26AF079500F72ADF /* Enums.swift */ = {isa = PBXFileReference; lastKnownFileType = sourcecode.swift; path = Enums.swift; sourceTree = "<group>"; };
		97974BFF26AF07CD00F72ADF /* IssueResponseModel.swift */ = {isa = PBXFileReference; lastKnownFileType = sourcecode.swift; path = IssueResponseModel.swift; sourceTree = "<group>"; };
		97974C0126AF483800F72ADF /* HomeView.swift */ = {isa = PBXFileReference; lastKnownFileType = sourcecode.swift; path = HomeView.swift; sourceTree = "<group>"; };
		97974C0426AF561100F72ADF /* HomeTarget.swift */ = {isa = PBXFileReference; lastKnownFileType = sourcecode.swift; path = HomeTarget.swift; sourceTree = "<group>"; };
		97974C0726AF5AFB00F72ADF /* HomeAPI.swift */ = {isa = PBXFileReference; lastKnownFileType = sourcecode.swift; path = HomeAPI.swift; sourceTree = "<group>"; };
		97974C0926AF5E2400F72ADF /* HomeViewModel.swift */ = {isa = PBXFileReference; lastKnownFileType = sourcecode.swift; path = HomeViewModel.swift; sourceTree = "<group>"; };
		97974C0C26AF763700F72ADF /* GSI+UIViewController.swift */ = {isa = PBXFileReference; lastKnownFileType = sourcecode.swift; path = "GSI+UIViewController.swift"; sourceTree = "<group>"; };
		97974C0F26AF847300F72ADF /* IssueDetailsView.swift */ = {isa = PBXFileReference; lastKnownFileType = sourcecode.swift; path = IssueDetailsView.swift; sourceTree = "<group>"; };
		97974C1126AF848A00F72ADF /* IssueDetailsViewController.swift */ = {isa = PBXFileReference; lastKnownFileType = sourcecode.swift; path = IssueDetailsViewController.swift; sourceTree = "<group>"; };
		97974C1626AF999E00F72ADF /* GSI+UITableView.swift */ = {isa = PBXFileReference; lastKnownFileType = sourcecode.swift; path = "GSI+UITableView.swift"; sourceTree = "<group>"; };
		97974C1926AFA48200F72ADF /* GSI+String.swift */ = {isa = PBXFileReference; lastKnownFileType = sourcecode.swift; path = "GSI+String.swift"; sourceTree = "<group>"; };
		97974C1F26AFB7BF00F72ADF /* DateFormatterTest.swift */ = {isa = PBXFileReference; lastKnownFileType = sourcecode.swift; path = DateFormatterTest.swift; sourceTree = "<group>"; };
		97974C2326AFC14400F72ADF /* HomeViewModelTest.swift */ = {isa = PBXFileReference; lastKnownFileType = sourcecode.swift; path = HomeViewModelTest.swift; sourceTree = "<group>"; };
/* End PBXFileReference section */

/* Begin PBXFrameworksBuildPhase section */
		97974BB626AEF71200F72ADF /* Frameworks */ = {
			isa = PBXFrameworksBuildPhase;
			buildActionMask = 2147483647;
			files = (
				97864E6F26B0F15D00ABB9B3 /* OHHTTPStubs in Frameworks */,
				97864E7126B0F15D00ABB9B3 /* OHHTTPStubsSwift in Frameworks */,
				97974C1D26AFA83300F72ADF /* SwiftSpinner in Frameworks */,
				97974C1526AF948100F72ADF /* Nuke in Frameworks */,
				97974BF726AEFAF300F72ADF /* Moya in Frameworks */,
				97974BFA26AEFED900F72ADF /* SnapKit in Frameworks */,
			);
			runOnlyForDeploymentPostprocessing = 0;
		};
		97974BCC26AEF71600F72ADF /* Frameworks */ = {
			isa = PBXFrameworksBuildPhase;
			buildActionMask = 2147483647;
			files = (
			);
			runOnlyForDeploymentPostprocessing = 0;
		};
		97974BD726AEF71700F72ADF /* Frameworks */ = {
			isa = PBXFrameworksBuildPhase;
			buildActionMask = 2147483647;
			files = (
			);
			runOnlyForDeploymentPostprocessing = 0;
		};
/* End PBXFrameworksBuildPhase section */

/* Begin PBXGroup section */
		97974BB026AEF71200F72ADF = {
			isa = PBXGroup;
			children = (
				97974BBB26AEF71200F72ADF /* github-swift-issues */,
				97974BD226AEF71700F72ADF /* github-swift-issuesTests */,
				97974BDD26AEF71700F72ADF /* github-swift-issuesUITests */,
				97974BBA26AEF71200F72ADF /* Products */,
			);
			sourceTree = "<group>";
		};
		97974BBA26AEF71200F72ADF /* Products */ = {
			isa = PBXGroup;
			children = (
				97974BB926AEF71200F72ADF /* github-swift-issues.app */,
				97974BCF26AEF71600F72ADF /* github-swift-issuesTests.xctest */,
				97974BDA26AEF71700F72ADF /* github-swift-issuesUITests.xctest */,
			);
			name = Products;
			sourceTree = "<group>";
		};
		97974BBB26AEF71200F72ADF /* github-swift-issues */ = {
			isa = PBXGroup;
			children = (
				97974BBC26AEF71200F72ADF /* AppDelegate.swift */,
				97974BBE26AEF71200F72ADF /* SceneDelegate.swift */,
				97974BC526AEF71600F72ADF /* Assets.xcassets */,
				97974BC726AEF71600F72ADF /* LaunchScreen.storyboard */,
				97974BCA26AEF71600F72ADF /* Info.plist */,
				97974C0B26AF761C00F72ADF /* Utils */,
				97974BED26AEF80A00F72ADF /* Network */,
				97974BEC26AEF80400F72ADF /* Views */,
			);
			path = "github-swift-issues";
			sourceTree = "<group>";
		};
		97974BD226AEF71700F72ADF /* github-swift-issuesTests */ = {
			isa = PBXGroup;
			children = (
				97974C1E26AFB79E00F72ADF /* Utils */,
				97974BD326AEF71700F72ADF /* github_swift_issuesTests.swift */,
				97974BD526AEF71700F72ADF /* Info.plist */,
				97974C2326AFC14400F72ADF /* HomeViewModelTest.swift */,
			);
			path = "github-swift-issuesTests";
			sourceTree = "<group>";
		};
		97974BDD26AEF71700F72ADF /* github-swift-issuesUITests */ = {
			isa = PBXGroup;
			children = (
				97974BDE26AEF71700F72ADF /* github_swift_issuesUITests.swift */,
				97974BE026AEF71700F72ADF /* Info.plist */,
			);
			path = "github-swift-issuesUITests";
			sourceTree = "<group>";
		};
		97974BEC26AEF80400F72ADF /* Views */ = {
			isa = PBXGroup;
			children = (
				97974BEE26AEF82800F72ADF /* Home */,
			);
			path = Views;
			sourceTree = "<group>";
		};
		97974BED26AEF80A00F72ADF /* Network */ = {
			isa = PBXGroup;
			children = (
				97974BEF26AEF83400F72ADF /* Request */,
				97974BF026AEF83A00F72ADF /* Response */,
			);
			path = Network;
			sourceTree = "<group>";
		};
		97974BEE26AEF82800F72ADF /* Home */ = {
			isa = PBXGroup;
			children = (
				97974C0E26AF845100F72ADF /* IssuesDetails */,
				97974BF326AEF88400F72ADF /* HomeViewController.swift */,
				97974C0126AF483800F72ADF /* HomeView.swift */,
				97974C0926AF5E2400F72ADF /* HomeViewModel.swift */,
			);
			path = Home;
			sourceTree = "<group>";
		};
		97974BEF26AEF83400F72ADF /* Request */ = {
			isa = PBXGroup;
			children = (
				97974C0626AF562300F72ADF /* Home */,
			);
			path = Request;
			sourceTree = "<group>";
		};
		97974BF026AEF83A00F72ADF /* Response */ = {
			isa = PBXGroup;
			children = (
				97974BF126AEF84C00F72ADF /* Model */,
			);
			path = Response;
			sourceTree = "<group>";
		};
		97974BF126AEF84C00F72ADF /* Model */ = {
			isa = PBXGroup;
			children = (
				97974BFF26AF07CD00F72ADF /* IssueResponseModel.swift */,
			);
			path = Model;
			sourceTree = "<group>";
		};
		97974C0626AF562300F72ADF /* Home */ = {
			isa = PBXGroup;
			children = (
				97974C0426AF561100F72ADF /* HomeTarget.swift */,
				97974C0726AF5AFB00F72ADF /* HomeAPI.swift */,
			);
			path = Home;
			sourceTree = "<group>";
		};
		97974C0B26AF761C00F72ADF /* Utils */ = {
			isa = PBXGroup;
			children = (
				97974C1826AFA46700F72ADF /* Extensions */,
				97974BFD26AF079500F72ADF /* Enums.swift */,
			);
			path = Utils;
			sourceTree = "<group>";
		};
		97974C0E26AF845100F72ADF /* IssuesDetails */ = {
			isa = PBXGroup;
			children = (
				97974C0F26AF847300F72ADF /* IssueDetailsView.swift */,
				97974C1126AF848A00F72ADF /* IssueDetailsViewController.swift */,
			);
			path = IssuesDetails;
			sourceTree = "<group>";
		};
		97974C1826AFA46700F72ADF /* Extensions */ = {
			isa = PBXGroup;
			children = (
				97974C0C26AF763700F72ADF /* GSI+UIViewController.swift */,
				97974C1626AF999E00F72ADF /* GSI+UITableView.swift */,
				97974C1926AFA48200F72ADF /* GSI+String.swift */,
			);
			path = Extensions;
			sourceTree = "<group>";
		};
		97974C1E26AFB79E00F72ADF /* Utils */ = {
			isa = PBXGroup;
			children = (
				97974C1F26AFB7BF00F72ADF /* DateFormatterTest.swift */,
			);
			path = Utils;
			sourceTree = "<group>";
		};
/* End PBXGroup section */

/* Begin PBXNativeTarget section */
		97974BB826AEF71200F72ADF /* github-swift-issues */ = {
			isa = PBXNativeTarget;
			buildConfigurationList = 97974BE326AEF71700F72ADF /* Build configuration list for PBXNativeTarget "github-swift-issues" */;
			buildPhases = (
				97974BB526AEF71200F72ADF /* Sources */,
				97974BB626AEF71200F72ADF /* Frameworks */,
				97974BB726AEF71200F72ADF /* Resources */,
			);
			buildRules = (
			);
			dependencies = (
			);
			name = "github-swift-issues";
			packageProductDependencies = (
				97974BF626AEFAF300F72ADF /* Moya */,
				97974BF926AEFED900F72ADF /* SnapKit */,
				97974C1426AF948100F72ADF /* Nuke */,
				97974C1C26AFA83300F72ADF /* SwiftSpinner */,
				97864E6E26B0F15D00ABB9B3 /* OHHTTPStubs */,
				97864E7026B0F15D00ABB9B3 /* OHHTTPStubsSwift */,
			);
			productName = "github-swift-issues";
			productReference = 97974BB926AEF71200F72ADF /* github-swift-issues.app */;
			productType = "com.apple.product-type.application";
		};
		97974BCE26AEF71600F72ADF /* github-swift-issuesTests */ = {
			isa = PBXNativeTarget;
			buildConfigurationList = 97974BE626AEF71700F72ADF /* Build configuration list for PBXNativeTarget "github-swift-issuesTests" */;
			buildPhases = (
				97974BCB26AEF71600F72ADF /* Sources */,
				97974BCC26AEF71600F72ADF /* Frameworks */,
				97974BCD26AEF71600F72ADF /* Resources */,
			);
			buildRules = (
			);
			dependencies = (
				97974BD126AEF71600F72ADF /* PBXTargetDependency */,
			);
			name = "github-swift-issuesTests";
			packageProductDependencies = (
			);
			productName = "github-swift-issuesTests";
			productReference = 97974BCF26AEF71600F72ADF /* github-swift-issuesTests.xctest */;
			productType = "com.apple.product-type.bundle.unit-test";
		};
		97974BD926AEF71700F72ADF /* github-swift-issuesUITests */ = {
			isa = PBXNativeTarget;
			buildConfigurationList = 97974BE926AEF71700F72ADF /* Build configuration list for PBXNativeTarget "github-swift-issuesUITests" */;
			buildPhases = (
				97974BD626AEF71700F72ADF /* Sources */,
				97974BD726AEF71700F72ADF /* Frameworks */,
				97974BD826AEF71700F72ADF /* Resources */,
			);
			buildRules = (
			);
			dependencies = (
				97974BDC26AEF71700F72ADF /* PBXTargetDependency */,
			);
			name = "github-swift-issuesUITests";
			productName = "github-swift-issuesUITests";
			productReference = 97974BDA26AEF71700F72ADF /* github-swift-issuesUITests.xctest */;
			productType = "com.apple.product-type.bundle.ui-testing";
		};
/* End PBXNativeTarget section */

/* Begin PBXProject section */
		97974BB126AEF71200F72ADF /* Project object */ = {
			isa = PBXProject;
			attributes = {
				LastSwiftUpdateCheck = 1250;
				LastUpgradeCheck = 1250;
				TargetAttributes = {
					97974BB826AEF71200F72ADF = {
						CreatedOnToolsVersion = 12.5.1;
					};
					97974BCE26AEF71600F72ADF = {
						CreatedOnToolsVersion = 12.5.1;
						TestTargetID = 97974BB826AEF71200F72ADF;
					};
					97974BD926AEF71700F72ADF = {
						CreatedOnToolsVersion = 12.5.1;
						TestTargetID = 97974BB826AEF71200F72ADF;
					};
				};
			};
			buildConfigurationList = 97974BB426AEF71200F72ADF /* Build configuration list for PBXProject "github-swift-issues" */;
			compatibilityVersion = "Xcode 9.3";
			developmentRegion = en;
			hasScannedForEncodings = 0;
			knownRegions = (
				en,
				Base,
			);
			mainGroup = 97974BB026AEF71200F72ADF;
			packageReferences = (
				97974BF526AEFAF300F72ADF /* XCRemoteSwiftPackageReference "Moya" */,
				97974BF826AEFED900F72ADF /* XCRemoteSwiftPackageReference "SnapKit" */,
				97974C1326AF948100F72ADF /* XCRemoteSwiftPackageReference "Nuke" */,
				97974C1B26AFA83300F72ADF /* XCRemoteSwiftPackageReference "SwiftSpinner" */,
				97864E6D26B0F15D00ABB9B3 /* XCRemoteSwiftPackageReference "OHHTTPStubs" */,
			);
			productRefGroup = 97974BBA26AEF71200F72ADF /* Products */;
			projectDirPath = "";
			projectRoot = "";
			targets = (
				97974BB826AEF71200F72ADF /* github-swift-issues */,
				97974BCE26AEF71600F72ADF /* github-swift-issuesTests */,
				97974BD926AEF71700F72ADF /* github-swift-issuesUITests */,
			);
		};
/* End PBXProject section */

/* Begin PBXResourcesBuildPhase section */
		97974BB726AEF71200F72ADF /* Resources */ = {
			isa = PBXResourcesBuildPhase;
			buildActionMask = 2147483647;
			files = (
				97974BC926AEF71600F72ADF /* LaunchScreen.storyboard in Resources */,
				97974BC626AEF71600F72ADF /* Assets.xcassets in Resources */,
			);
			runOnlyForDeploymentPostprocessing = 0;
		};
		97974BCD26AEF71600F72ADF /* Resources */ = {
			isa = PBXResourcesBuildPhase;
			buildActionMask = 2147483647;
			files = (
			);
			runOnlyForDeploymentPostprocessing = 0;
		};
		97974BD826AEF71700F72ADF /* Resources */ = {
			isa = PBXResourcesBuildPhase;
			buildActionMask = 2147483647;
			files = (
			);
			runOnlyForDeploymentPostprocessing = 0;
		};
/* End PBXResourcesBuildPhase section */

/* Begin PBXSourcesBuildPhase section */
		97974BB526AEF71200F72ADF /* Sources */ = {
			isa = PBXSourcesBuildPhase;
			buildActionMask = 2147483647;
			files = (
				97974C1026AF847300F72ADF /* IssueDetailsView.swift in Sources */,
				97974C0226AF483800F72ADF /* HomeView.swift in Sources */,
				97974BBD26AEF71200F72ADF /* AppDelegate.swift in Sources */,
				97974C0A26AF5E2400F72ADF /* HomeViewModel.swift in Sources */,
				97974C0D26AF763700F72ADF /* GSI+UIViewController.swift in Sources */,
				97974C1226AF848A00F72ADF /* IssueDetailsViewController.swift in Sources */,
				97974C0526AF561100F72ADF /* HomeTarget.swift in Sources */,
				97974C0826AF5AFB00F72ADF /* HomeAPI.swift in Sources */,
				97974C1726AF999E00F72ADF /* GSI+UITableView.swift in Sources */,
				97974BFE26AF079500F72ADF /* Enums.swift in Sources */,
				97974BBF26AEF71200F72ADF /* SceneDelegate.swift in Sources */,
				97974C0026AF07CD00F72ADF /* IssueResponseModel.swift in Sources */,
				97974BF426AEF88400F72ADF /* HomeViewController.swift in Sources */,
				97974C1A26AFA48200F72ADF /* GSI+String.swift in Sources */,
			);
			runOnlyForDeploymentPostprocessing = 0;
		};
		97974BCB26AEF71600F72ADF /* Sources */ = {
			isa = PBXSourcesBuildPhase;
			buildActionMask = 2147483647;
			files = (
				97974C2026AFB7BF00F72ADF /* DateFormatterTest.swift in Sources */,
				97974BD426AEF71700F72ADF /* github_swift_issuesTests.swift in Sources */,
				97974C2426AFC14400F72ADF /* HomeViewModelTest.swift in Sources */,
			);
			runOnlyForDeploymentPostprocessing = 0;
		};
		97974BD626AEF71700F72ADF /* Sources */ = {
			isa = PBXSourcesBuildPhase;
			buildActionMask = 2147483647;
			files = (
				97974BDF26AEF71700F72ADF /* github_swift_issuesUITests.swift in Sources */,
			);
			runOnlyForDeploymentPostprocessing = 0;
		};
/* End PBXSourcesBuildPhase section */

/* Begin PBXTargetDependency section */
		97974BD126AEF71600F72ADF /* PBXTargetDependency */ = {
			isa = PBXTargetDependency;
			target = 97974BB826AEF71200F72ADF /* github-swift-issues */;
			targetProxy = 97974BD026AEF71600F72ADF /* PBXContainerItemProxy */;
		};
		97974BDC26AEF71700F72ADF /* PBXTargetDependency */ = {
			isa = PBXTargetDependency;
			target = 97974BB826AEF71200F72ADF /* github-swift-issues */;
			targetProxy = 97974BDB26AEF71700F72ADF /* PBXContainerItemProxy */;
		};
/* End PBXTargetDependency section */

/* Begin PBXVariantGroup section */
		97974BC726AEF71600F72ADF /* LaunchScreen.storyboard */ = {
			isa = PBXVariantGroup;
			children = (
				97974BC826AEF71600F72ADF /* Base */,
			);
			name = LaunchScreen.storyboard;
			sourceTree = "<group>";
		};
/* End PBXVariantGroup section */

/* Begin XCBuildConfiguration section */
		97974BE126AEF71700F72ADF /* Debug */ = {
			isa = XCBuildConfiguration;
			buildSettings = {
				ALWAYS_SEARCH_USER_PATHS = NO;
				CLANG_ANALYZER_NONNULL = YES;
				CLANG_ANALYZER_NUMBER_OBJECT_CONVERSION = YES_AGGRESSIVE;
				CLANG_CXX_LANGUAGE_STANDARD = "gnu++14";
				CLANG_CXX_LIBRARY = "libc++";
				CLANG_ENABLE_MODULES = YES;
				CLANG_ENABLE_OBJC_ARC = YES;
				CLANG_ENABLE_OBJC_WEAK = YES;
				CLANG_WARN_BLOCK_CAPTURE_AUTORELEASING = YES;
				CLANG_WARN_BOOL_CONVERSION = YES;
				CLANG_WARN_COMMA = YES;
				CLANG_WARN_CONSTANT_CONVERSION = YES;
				CLANG_WARN_DEPRECATED_OBJC_IMPLEMENTATIONS = YES;
				CLANG_WARN_DIRECT_OBJC_ISA_USAGE = YES_ERROR;
				CLANG_WARN_DOCUMENTATION_COMMENTS = YES;
				CLANG_WARN_EMPTY_BODY = YES;
				CLANG_WARN_ENUM_CONVERSION = YES;
				CLANG_WARN_INFINITE_RECURSION = YES;
				CLANG_WARN_INT_CONVERSION = YES;
				CLANG_WARN_NON_LITERAL_NULL_CONVERSION = YES;
				CLANG_WARN_OBJC_IMPLICIT_RETAIN_SELF = YES;
				CLANG_WARN_OBJC_LITERAL_CONVERSION = YES;
				CLANG_WARN_OBJC_ROOT_CLASS = YES_ERROR;
				CLANG_WARN_QUOTED_INCLUDE_IN_FRAMEWORK_HEADER = YES;
				CLANG_WARN_RANGE_LOOP_ANALYSIS = YES;
				CLANG_WARN_STRICT_PROTOTYPES = YES;
				CLANG_WARN_SUSPICIOUS_MOVE = YES;
				CLANG_WARN_UNGUARDED_AVAILABILITY = YES_AGGRESSIVE;
				CLANG_WARN_UNREACHABLE_CODE = YES;
				CLANG_WARN__DUPLICATE_METHOD_MATCH = YES;
				COPY_PHASE_STRIP = NO;
				DEBUG_INFORMATION_FORMAT = dwarf;
				ENABLE_STRICT_OBJC_MSGSEND = YES;
				ENABLE_TESTABILITY = YES;
				GCC_C_LANGUAGE_STANDARD = gnu11;
				GCC_DYNAMIC_NO_PIC = NO;
				GCC_NO_COMMON_BLOCKS = YES;
				GCC_OPTIMIZATION_LEVEL = 0;
				GCC_PREPROCESSOR_DEFINITIONS = (
					"DEBUG=1",
					"$(inherited)",
				);
				GCC_WARN_64_TO_32_BIT_CONVERSION = YES;
				GCC_WARN_ABOUT_RETURN_TYPE = YES_ERROR;
				GCC_WARN_UNDECLARED_SELECTOR = YES;
				GCC_WARN_UNINITIALIZED_AUTOS = YES_AGGRESSIVE;
				GCC_WARN_UNUSED_FUNCTION = YES;
				GCC_WARN_UNUSED_VARIABLE = YES;
				IPHONEOS_DEPLOYMENT_TARGET = 14.5;
				MTL_ENABLE_DEBUG_INFO = INCLUDE_SOURCE;
				MTL_FAST_MATH = YES;
				ONLY_ACTIVE_ARCH = YES;
				SDKROOT = iphoneos;
				SWIFT_ACTIVE_COMPILATION_CONDITIONS = DEBUG;
				SWIFT_OPTIMIZATION_LEVEL = "-Onone";
			};
			name = Debug;
		};
		97974BE226AEF71700F72ADF /* Release */ = {
			isa = XCBuildConfiguration;
			buildSettings = {
				ALWAYS_SEARCH_USER_PATHS = NO;
				CLANG_ANALYZER_NONNULL = YES;
				CLANG_ANALYZER_NUMBER_OBJECT_CONVERSION = YES_AGGRESSIVE;
				CLANG_CXX_LANGUAGE_STANDARD = "gnu++14";
				CLANG_CXX_LIBRARY = "libc++";
				CLANG_ENABLE_MODULES = YES;
				CLANG_ENABLE_OBJC_ARC = YES;
				CLANG_ENABLE_OBJC_WEAK = YES;
				CLANG_WARN_BLOCK_CAPTURE_AUTORELEASING = YES;
				CLANG_WARN_BOOL_CONVERSION = YES;
				CLANG_WARN_COMMA = YES;
				CLANG_WARN_CONSTANT_CONVERSION = YES;
				CLANG_WARN_DEPRECATED_OBJC_IMPLEMENTATIONS = YES;
				CLANG_WARN_DIRECT_OBJC_ISA_USAGE = YES_ERROR;
				CLANG_WARN_DOCUMENTATION_COMMENTS = YES;
				CLANG_WARN_EMPTY_BODY = YES;
				CLANG_WARN_ENUM_CONVERSION = YES;
				CLANG_WARN_INFINITE_RECURSION = YES;
				CLANG_WARN_INT_CONVERSION = YES;
				CLANG_WARN_NON_LITERAL_NULL_CONVERSION = YES;
				CLANG_WARN_OBJC_IMPLICIT_RETAIN_SELF = YES;
				CLANG_WARN_OBJC_LITERAL_CONVERSION = YES;
				CLANG_WARN_OBJC_ROOT_CLASS = YES_ERROR;
				CLANG_WARN_QUOTED_INCLUDE_IN_FRAMEWORK_HEADER = YES;
				CLANG_WARN_RANGE_LOOP_ANALYSIS = YES;
				CLANG_WARN_STRICT_PROTOTYPES = YES;
				CLANG_WARN_SUSPICIOUS_MOVE = YES;
				CLANG_WARN_UNGUARDED_AVAILABILITY = YES_AGGRESSIVE;
				CLANG_WARN_UNREACHABLE_CODE = YES;
				CLANG_WARN__DUPLICATE_METHOD_MATCH = YES;
				COPY_PHASE_STRIP = NO;
				DEBUG_INFORMATION_FORMAT = "dwarf-with-dsym";
				ENABLE_NS_ASSERTIONS = NO;
				ENABLE_STRICT_OBJC_MSGSEND = YES;
				GCC_C_LANGUAGE_STANDARD = gnu11;
				GCC_NO_COMMON_BLOCKS = YES;
				GCC_WARN_64_TO_32_BIT_CONVERSION = YES;
				GCC_WARN_ABOUT_RETURN_TYPE = YES_ERROR;
				GCC_WARN_UNDECLARED_SELECTOR = YES;
				GCC_WARN_UNINITIALIZED_AUTOS = YES_AGGRESSIVE;
				GCC_WARN_UNUSED_FUNCTION = YES;
				GCC_WARN_UNUSED_VARIABLE = YES;
				IPHONEOS_DEPLOYMENT_TARGET = 14.5;
				MTL_ENABLE_DEBUG_INFO = NO;
				MTL_FAST_MATH = YES;
				SDKROOT = iphoneos;
				SWIFT_COMPILATION_MODE = wholemodule;
				SWIFT_OPTIMIZATION_LEVEL = "-O";
				VALIDATE_PRODUCT = YES;
			};
			name = Release;
		};
		97974BE426AEF71700F72ADF /* Debug */ = {
			isa = XCBuildConfiguration;
			buildSettings = {
				ASSETCATALOG_COMPILER_APPICON_NAME = AppIcon;
				ASSETCATALOG_COMPILER_GLOBAL_ACCENT_COLOR_NAME = AccentColor;
				CODE_SIGN_STYLE = Automatic;
				INFOPLIST_FILE = "github-swift-issues/Info.plist";
				LD_RUNPATH_SEARCH_PATHS = (
					"$(inherited)",
					"@executable_path/Frameworks",
				);
				PRODUCT_BUNDLE_IDENTIFIER = "com.striker190.github-swift-issues";
				PRODUCT_NAME = "$(TARGET_NAME)";
				SWIFT_VERSION = 5.0;
				TARGETED_DEVICE_FAMILY = 1;
			};
			name = Debug;
		};
		97974BE526AEF71700F72ADF /* Release */ = {
			isa = XCBuildConfiguration;
			buildSettings = {
				ASSETCATALOG_COMPILER_APPICON_NAME = AppIcon;
				ASSETCATALOG_COMPILER_GLOBAL_ACCENT_COLOR_NAME = AccentColor;
				CODE_SIGN_STYLE = Automatic;
				INFOPLIST_FILE = "github-swift-issues/Info.plist";
				LD_RUNPATH_SEARCH_PATHS = (
					"$(inherited)",
					"@executable_path/Frameworks",
				);
				PRODUCT_BUNDLE_IDENTIFIER = "com.striker190.github-swift-issues";
				PRODUCT_NAME = "$(TARGET_NAME)";
				SWIFT_VERSION = 5.0;
				TARGETED_DEVICE_FAMILY = 1;
			};
			name = Release;
		};
		97974BE726AEF71700F72ADF /* Debug */ = {
			isa = XCBuildConfiguration;
			buildSettings = {
				ALWAYS_EMBED_SWIFT_STANDARD_LIBRARIES = YES;
				BUNDLE_LOADER = "$(TEST_HOST)";
				CODE_SIGN_STYLE = Automatic;
				INFOPLIST_FILE = "github-swift-issuesTests/Info.plist";
				IPHONEOS_DEPLOYMENT_TARGET = 14.5;
				LD_RUNPATH_SEARCH_PATHS = (
					"$(inherited)",
					"@executable_path/Frameworks",
					"@loader_path/Frameworks",
				);
				PRODUCT_BUNDLE_IDENTIFIER = "com.striker190.github-swift-issuesTests";
				PRODUCT_NAME = "$(TARGET_NAME)";
				SWIFT_VERSION = 5.0;
				TARGETED_DEVICE_FAMILY = "1,2";
				TEST_HOST = "$(BUILT_PRODUCTS_DIR)/github-swift-issues.app/github-swift-issues";
			};
			name = Debug;
		};
		97974BE826AEF71700F72ADF /* Release */ = {
			isa = XCBuildConfiguration;
			buildSettings = {
				ALWAYS_EMBED_SWIFT_STANDARD_LIBRARIES = YES;
				BUNDLE_LOADER = "$(TEST_HOST)";
				CODE_SIGN_STYLE = Automatic;
				INFOPLIST_FILE = "github-swift-issuesTests/Info.plist";
				IPHONEOS_DEPLOYMENT_TARGET = 14.5;
				LD_RUNPATH_SEARCH_PATHS = (
					"$(inherited)",
					"@executable_path/Frameworks",
					"@loader_path/Frameworks",
				);
				PRODUCT_BUNDLE_IDENTIFIER = "com.striker190.github-swift-issuesTests";
				PRODUCT_NAME = "$(TARGET_NAME)";
				SWIFT_VERSION = 5.0;
				TARGETED_DEVICE_FAMILY = "1,2";
				TEST_HOST = "$(BUILT_PRODUCTS_DIR)/github-swift-issues.app/github-swift-issues";
			};
			name = Release;
		};
		97974BEA26AEF71700F72ADF /* Debug */ = {
			isa = XCBuildConfiguration;
			buildSettings = {
				ALWAYS_EMBED_SWIFT_STANDARD_LIBRARIES = YES;
				CODE_SIGN_STYLE = Automatic;
				INFOPLIST_FILE = "github-swift-issuesUITests/Info.plist";
				LD_RUNPATH_SEARCH_PATHS = (
					"$(inherited)",
					"@executable_path/Frameworks",
					"@loader_path/Frameworks",
				);
				PRODUCT_BUNDLE_IDENTIFIER = "com.striker190.github-swift-issuesUITests";
				PRODUCT_NAME = "$(TARGET_NAME)";
				SWIFT_VERSION = 5.0;
				TARGETED_DEVICE_FAMILY = "1,2";
				TEST_TARGET_NAME = "github-swift-issues";
			};
			name = Debug;
		};
		97974BEB26AEF71700F72ADF /* Release */ = {
			isa = XCBuildConfiguration;
			buildSettings = {
				ALWAYS_EMBED_SWIFT_STANDARD_LIBRARIES = YES;
				CODE_SIGN_STYLE = Automatic;
				INFOPLIST_FILE = "github-swift-issuesUITests/Info.plist";
				LD_RUNPATH_SEARCH_PATHS = (
					"$(inherited)",
					"@executable_path/Frameworks",
					"@loader_path/Frameworks",
				);
				PRODUCT_BUNDLE_IDENTIFIER = "com.striker190.github-swift-issuesUITests";
				PRODUCT_NAME = "$(TARGET_NAME)";
				SWIFT_VERSION = 5.0;
				TARGETED_DEVICE_FAMILY = "1,2";
				TEST_TARGET_NAME = "github-swift-issues";
			};
			name = Release;
		};
/* End XCBuildConfiguration section */

/* Begin XCConfigurationList section */
		97974BB426AEF71200F72ADF /* Build configuration list for PBXProject "github-swift-issues" */ = {
			isa = XCConfigurationList;
			buildConfigurations = (
				97974BE126AEF71700F72ADF /* Debug */,
				97974BE226AEF71700F72ADF /* Release */,
			);
			defaultConfigurationIsVisible = 0;
			defaultConfigurationName = Release;
		};
		97974BE326AEF71700F72ADF /* Build configuration list for PBXNativeTarget "github-swift-issues" */ = {
			isa = XCConfigurationList;
			buildConfigurations = (
				97974BE426AEF71700F72ADF /* Debug */,
				97974BE526AEF71700F72ADF /* Release */,
			);
			defaultConfigurationIsVisible = 0;
			defaultConfigurationName = Release;
		};
		97974BE626AEF71700F72ADF /* Build configuration list for PBXNativeTarget "github-swift-issuesTests" */ = {
			isa = XCConfigurationList;
			buildConfigurations = (
				97974BE726AEF71700F72ADF /* Debug */,
				97974BE826AEF71700F72ADF /* Release */,
			);
			defaultConfigurationIsVisible = 0;
			defaultConfigurationName = Release;
		};
		97974BE926AEF71700F72ADF /* Build configuration list for PBXNativeTarget "github-swift-issuesUITests" */ = {
			isa = XCConfigurationList;
			buildConfigurations = (
				97974BEA26AEF71700F72ADF /* Debug */,
				97974BEB26AEF71700F72ADF /* Release */,
			);
			defaultConfigurationIsVisible = 0;
			defaultConfigurationName = Release;
		};
/* End XCConfigurationList section */

/* Begin XCRemoteSwiftPackageReference section */
		97864E6D26B0F15D00ABB9B3 /* XCRemoteSwiftPackageReference "OHHTTPStubs" */ = {
			isa = XCRemoteSwiftPackageReference;
			repositoryURL = "https://github.com/AliSoftware/OHHTTPStubs.git";
			requirement = {
				kind = upToNextMajorVersion;
				minimumVersion = 9.1.0;
			};
		};
		97974BF526AEFAF300F72ADF /* XCRemoteSwiftPackageReference "Moya" */ = {
			isa = XCRemoteSwiftPackageReference;
			repositoryURL = "https://github.com/Moya/Moya.git";
			requirement = {
				kind = upToNextMajorVersion;
				minimumVersion = 14.0.1;
			};
		};
		97974BF826AEFED900F72ADF /* XCRemoteSwiftPackageReference "SnapKit" */ = {
			isa = XCRemoteSwiftPackageReference;
			repositoryURL = "https://github.com/SnapKit/SnapKit.git";
			requirement = {
				kind = upToNextMajorVersion;
				minimumVersion = 5.0.1;
			};
		};
		97974C1326AF948100F72ADF /* XCRemoteSwiftPackageReference "Nuke" */ = {
			isa = XCRemoteSwiftPackageReference;
			repositoryURL = "https://github.com/kean/Nuke.git";
			requirement = {
				kind = upToNextMajorVersion;
				minimumVersion = 10.3.1;
			};
		};
		97974C1B26AFA83300F72ADF /* XCRemoteSwiftPackageReference "SwiftSpinner" */ = {
			isa = XCRemoteSwiftPackageReference;
			repositoryURL = "https://github.com/icanzilb/SwiftSpinner.git";
			requirement = {
				kind = upToNextMajorVersion;
				minimumVersion = 2.2.0;
			};
		};
/* End XCRemoteSwiftPackageReference section */

/* Begin XCSwiftPackageProductDependency section */
		97864E6E26B0F15D00ABB9B3 /* OHHTTPStubs */ = {
			isa = XCSwiftPackageProductDependency;
			package = 97864E6D26B0F15D00ABB9B3 /* XCRemoteSwiftPackageReference "OHHTTPStubs" */;
			productName = OHHTTPStubs;
		};
		97864E7026B0F15D00ABB9B3 /* OHHTTPStubsSwift */ = {
			isa = XCSwiftPackageProductDependency;
			package = 97864E6D26B0F15D00ABB9B3 /* XCRemoteSwiftPackageReference "OHHTTPStubs" */;
			productName = OHHTTPStubsSwift;
		};
		97974BF626AEFAF300F72ADF /* Moya */ = {
			isa = XCSwiftPackageProductDependency;
			package = 97974BF526AEFAF300F72ADF /* XCRemoteSwiftPackageReference "Moya" */;
			productName = Moya;
		};
		97974BF926AEFED900F72ADF /* SnapKit */ = {
			isa = XCSwiftPackageProductDependency;
			package = 97974BF826AEFED900F72ADF /* XCRemoteSwiftPackageReference "SnapKit" */;
			productName = SnapKit;
		};
		97974C1426AF948100F72ADF /* Nuke */ = {
			isa = XCSwiftPackageProductDependency;
			package = 97974C1326AF948100F72ADF /* XCRemoteSwiftPackageReference "Nuke" */;
			productName = Nuke;
		};
		97974C1C26AFA83300F72ADF /* SwiftSpinner */ = {
			isa = XCSwiftPackageProductDependency;
			package = 97974C1B26AFA83300F72ADF /* XCRemoteSwiftPackageReference "SwiftSpinner" */;
			productName = SwiftSpinner;
		};
/* End XCSwiftPackageProductDependency section */
	};
	rootObject = 97974BB126AEF71200F72ADF /* Project object */;
}
